// !$*UTF8*$!
{
	archiveVersion = 1;
	classes = {
	};
	objectVersion = 77;
	objects = {

/* Begin PBXContainerItemProxy section */
		27F3C9232DFAFECA0051B391 /* PBXContainerItemProxy */ = {
			isa = PBXContainerItemProxy;
			containerPortal = 27F3C90A2DFAFEC70051B391 /* Project object */;
			proxyType = 1;
			remoteGlobalIDString = 27F3C9112DFAFEC70051B391;
			remoteInfo = ExpenseTrackingChallenge;
		};
		27F3C92D2DFAFECA0051B391 /* PBXContainerItemProxy */ = {
			isa = PBXContainerItemProxy;
			containerPortal = 27F3C90A2DFAFEC70051B391 /* Project object */;
			proxyType = 1;
			remoteGlobalIDString = 27F3C9112DFAFEC70051B391;
			remoteInfo = ExpenseTrackingChallenge;
		};
/* End PBXContainerItemProxy section */

/* Begin PBXFileReference section */
		27F3C9122DFAFEC70051B391 /* ExpenseTrackingChallenge.app */ = {isa = PBXFileReference; explicitFileType = wrapper.application; includeInIndex = 0; path = ExpenseTrackingChallenge.app; sourceTree = BUILT_PRODUCTS_DIR; };
		27F3C9222DFAFECA0051B391 /* ExpenseTrackingChallengeTests.xctest */ = {isa = PBXFileReference; explicitFileType = wrapper.cfbundle; includeInIndex = 0; path = ExpenseTrackingChallengeTests.xctest; sourceTree = BUILT_PRODUCTS_DIR; };
		27F3C92C2DFAFECA0051B391 /* ExpenseTrackingChallengeUITests.xctest */ = {isa = PBXFileReference; explicitFileType = wrapper.cfbundle; includeInIndex = 0; path = ExpenseTrackingChallengeUITests.xctest; sourceTree = BUILT_PRODUCTS_DIR; };
/* End PBXFileReference section */

/* Begin PBXFileSystemSynchronizedRootGroup section */
		27F3C9142DFAFEC70051B391 /* ExpenseTrackingChallenge */ = {
			isa = PBXFileSystemSynchronizedRootGroup;
			path = ExpenseTrackingChallenge;
			sourceTree = "<group>";
		};
		27F3C9252DFAFECA0051B391 /* ExpenseTrackingChallengeTests */ = {
			isa = PBXFileSystemSynchronizedRootGroup;
			path = ExpenseTrackingChallengeTests;
			sourceTree = "<group>";
		};
/* End PBXFileSystemSynchronizedRootGroup section */

/* Begin PBXFrameworksBuildPhase section */
		27F3C90F2DFAFEC70051B391 /* Frameworks */ = {
			isa = PBXFrameworksBuildPhase;
			buildActionMask = 2147483647;
			files = (
			);
			runOnlyForDeploymentPostprocessing = 0;
		};
		27F3C91F2DFAFECA0051B391 /* Frameworks */ = {
			isa = PBXFrameworksBuildPhase;
			buildActionMask = 2147483647;
			files = (
			);
			runOnlyForDeploymentPostprocessing = 0;
		};
		27F3C9292DFAFECA0051B391 /* Frameworks */ = {
			isa = PBXFrameworksBuildPhase;
			buildActionMask = 2147483647;
			files = (
			);
			runOnlyForDeploymentPostprocessing = 0;
		};
/* End PBXFrameworksBuildPhase section */

/* Begin PBXGroup section */
		27F3C9092DFAFEC70051B391 = {
			isa = PBXGroup;
			children = (
				27F3C9142DFAFEC70051B391 /* ExpenseTrackingChallenge */,
				27F3C9252DFAFECA0051B391 /* ExpenseTrackingChallengeTests */,
				27F3C9132DFAFEC70051B391 /* Products */,
			);
			sourceTree = "<group>";
		};
		27F3C9132DFAFEC70051B391 /* Products */ = {
			isa = PBXGroup;
			children = (
				27F3C9122DFAFEC70051B391 /* ExpenseTrackingChallenge.app */,
				27F3C9222DFAFECA0051B391 /* ExpenseTrackingChallengeTests.xctest */,
				27F3C92C2DFAFECA0051B391 /* ExpenseTrackingChallengeUITests.xctest */,
			);
			name = Products;
			sourceTree = "<group>";
		};
/* End PBXGroup section */

/* Begin PBXNativeTarget section */
		27F3C9112DFAFEC70051B391 /* ExpenseTrackingChallenge */ = {
			isa = PBXNativeTarget;
			buildConfigurationList = 27F3C9362DFAFECA0051B391 /* Build configuration list for PBXNativeTarget "ExpenseTrackingChallenge" */;
			buildPhases = (
				27F3C90E2DFAFEC70051B391 /* Sources */,
				27F3C90F2DFAFEC70051B391 /* Frameworks */,
				27F3C9102DFAFEC70051B391 /* Resources */,
			);
			buildRules = (
			);
			dependencies = (
			);
			fileSystemSynchronizedGroups = (
				27F3C9142DFAFEC70051B391 /* ExpenseTrackingChallenge */,
			);
			name = ExpenseTrackingChallenge;
			packageProductDependencies = (
			);
			productName = ExpenseTrackingChallenge;
			productReference = 27F3C9122DFAFEC70051B391 /* ExpenseTrackingChallenge.app */;
			productType = "com.apple.product-type.application";
		};
		27F3C9212DFAFECA0051B391 /* ExpenseTrackingChallengeTests */ = {
			isa = PBXNativeTarget;
			buildConfigurationList = 27F3C9392DFAFECA0051B391 /* Build configuration list for PBXNativeTarget "ExpenseTrackingChallengeTests" */;
			buildPhases = (
				27F3C91E2DFAFECA0051B391 /* Sources */,
				27F3C91F2DFAFECA0051B391 /* Frameworks */,
				27F3C9202DFAFECA0051B391 /* Resources */,
			);
			buildRules = (
			);
			dependencies = (
				27F3C9242DFAFECA0051B391 /* PBXTargetDependency */,
			);
			fileSystemSynchronizedGroups = (
				27F3C9252DFAFECA0051B391 /* ExpenseTrackingChallengeTests */,
			);
			name = ExpenseTrackingChallengeTests;
			packageProductDependencies = (
			);
			productName = ExpenseTrackingChallengeTests;
			productReference = 27F3C9222DFAFECA0051B391 /* ExpenseTrackingChallengeTests.xctest */;
			productType = "com.apple.product-type.bundle.unit-test";
		};
		27F3C92B2DFAFECA0051B391 /* ExpenseTrackingChallengeUITests */ = {
			isa = PBXNativeTarget;
			buildConfigurationList = 27F3C93C2DFAFECA0051B391 /* Build configuration list for PBXNativeTarget "ExpenseTrackingChallengeUITests" */;
			buildPhases = (
				27F3C9282DFAFECA0051B391 /* Sources */,
				27F3C9292DFAFECA0051B391 /* Frameworks */,
				27F3C92A2DFAFECA0051B391 /* Resources */,
			);
			buildRules = (
			);
			dependencies = (
				27F3C92E2DFAFECA0051B391 /* PBXTargetDependency */,
			);
			name = ExpenseTrackingChallengeUITests;
			packageProductDependencies = (
			);
			productName = ExpenseTrackingChallengeUITests;
			productReference = 27F3C92C2DFAFECA0051B391 /* ExpenseTrackingChallengeUITests.xctest */;
			productType = "com.apple.product-type.bundle.ui-testing";
		};
/* End PBXNativeTarget section */

/* Begin PBXProject section */
		27F3C90A2DFAFEC70051B391 /* Project object */ = {
			isa = PBXProject;
			attributes = {
				BuildIndependentTargetsInParallel = 1;
				LastSwiftUpdateCheck = 1620;
				LastUpgradeCheck = 1620;
				TargetAttributes = {
					27F3C9112DFAFEC70051B391 = {
						CreatedOnToolsVersion = 16.2;
					};
					27F3C9212DFAFECA0051B391 = {
						CreatedOnToolsVersion = 16.2;
						LastSwiftMigration = 1620;
						TestTargetID = 27F3C9112DFAFEC70051B391;
					};
					27F3C92B2DFAFECA0051B391 = {
						CreatedOnToolsVersion = 16.2;
						TestTargetID = 27F3C9112DFAFEC70051B391;
					};
				};
			};
			buildConfigurationList = 27F3C90D2DFAFEC70051B391 /* Build configuration list for PBXProject "ExpenseTrackingChallenge" */;
			developmentRegion = en;
			hasScannedForEncodings = 0;
			knownRegions = (
				en,
				Base,
			);
			mainGroup = 27F3C9092DFAFEC70051B391;
			minimizedProjectReferenceProxies = 1;
			preferredProjectObjectVersion = 77;
			productRefGroup = 27F3C9132DFAFEC70051B391 /* Products */;
			projectDirPath = "";
			projectRoot = "";
			targets = (
				27F3C9112DFAFEC70051B391 /* ExpenseTrackingChallenge */,
				27F3C9212DFAFECA0051B391 /* ExpenseTrackingChallengeTests */,
				27F3C92B2DFAFECA0051B391 /* ExpenseTrackingChallengeUITests */,
			);
		};
/* End PBXProject section */

/* Begin PBXResourcesBuildPhase section */
		27F3C9102DFAFEC70051B391 /* Resources */ = {
			isa = PBXResourcesBuildPhase;
			buildActionMask = 2147483647;
			files = (
			);
			runOnlyForDeploymentPostprocessing = 0;
		};
		27F3C9202DFAFECA0051B391 /* Resources */ = {
			isa = PBXResourcesBuildPhase;
			buildActionMask = 2147483647;
			files = (
			);
			runOnlyForDeploymentPostprocessing = 0;
		};
		27F3C92A2DFAFECA0051B391 /* Resources */ = {
			isa = PBXResourcesBuildPhase;
			buildActionMask = 2147483647;
			files = (
			);
			runOnlyForDeploymentPostprocessing = 0;
		};
/* End PBXResourcesBuildPhase section */

/* Begin PBXSourcesBuildPhase section */
		27F3C90E2DFAFEC70051B391 /* Sources */ = {
			isa = PBXSourcesBuildPhase;
			buildActionMask = 2147483647;
			files = (
			);
			runOnlyForDeploymentPostprocessing = 0;
		};
		27F3C91E2DFAFECA0051B391 /* Sources */ = {
			isa = PBXSourcesBuildPhase;
			buildActionMask = 2147483647;
			files = (
			);
			runOnlyForDeploymentPostprocessing = 0;
		};
		27F3C9282DFAFECA0051B391 /* Sources */ = {
			isa = PBXSourcesBuildPhase;
			buildActionMask = 2147483647;
			files = (
			);
			runOnlyForDeploymentPostprocessing = 0;
		};
/* End PBXSourcesBuildPhase section */

/* Begin PBXTargetDependency section */
		27F3C9242DFAFECA0051B391 /* PBXTargetDependency */ = {
			isa = PBXTargetDependency;
			target = 27F3C9112DFAFEC70051B391 /* ExpenseTrackingChallenge */;
			targetProxy = 27F3C9232DFAFECA0051B391 /* PBXContainerItemProxy */;
		};
		27F3C92E2DFAFECA0051B391 /* PBXTargetDependency */ = {
			isa = PBXTargetDependency;
			target = 27F3C9112DFAFEC70051B391 /* ExpenseTrackingChallenge */;
			targetProxy = 27F3C92D2DFAFECA0051B391 /* PBXContainerItemProxy */;
		};
/* End PBXTargetDependency section */

/* Begin XCBuildConfiguration section */
		27F3C9342DFAFECA0051B391 /* Debug */ = {
			isa = XCBuildConfiguration;
			buildSettings = {
				ALWAYS_SEARCH_USER_PATHS = NO;
				ASSETCATALOG_COMPILER_GENERATE_SWIFT_ASSET_SYMBOL_EXTENSIONS = YES;
				CLANG_ANALYZER_NONNULL = YES;
				CLANG_ANALYZER_NUMBER_OBJECT_CONVERSION = YES_AGGRESSIVE;
				CLANG_CXX_LANGUAGE_STANDARD = "gnu++20";
				CLANG_ENABLE_MODULES = YES;
				CLANG_ENABLE_OBJC_ARC = YES;
				CLANG_ENABLE_OBJC_WEAK = YES;
				CLANG_WARN_BLOCK_CAPTURE_AUTORELEASING = YES;
				CLANG_WARN_BOOL_CONVERSION = YES;
				CLANG_WARN_COMMA = YES;
				CLANG_WARN_CONSTANT_CONVERSION = YES;
				CLANG_WARN_DEPRECATED_OBJC_IMPLEMENTATIONS = YES;
				CLANG_WARN_DIRECT_OBJC_ISA_USAGE = YES_ERROR;
				CLANG_WARN_DOCUMENTATION_COMMENTS = YES;
				CLANG_WARN_EMPTY_BODY = YES;
				CLANG_WARN_ENUM_CONVERSION = YES;
				CLANG_WARN_INFINITE_RECURSION = YES;
				CLANG_WARN_INT_CONVERSION = YES;
				CLANG_WARN_NON_LITERAL_NULL_CONVERSION = YES;
				CLANG_WARN_OBJC_IMPLICIT_RETAIN_SELF = YES;
				CLANG_WARN_OBJC_LITERAL_CONVERSION = YES;
				CLANG_WARN_OBJC_ROOT_CLASS = YES_ERROR;
				CLANG_WARN_QUOTED_INCLUDE_IN_FRAMEWORK_HEADER = YES;
				CLANG_WARN_RANGE_LOOP_ANALYSIS = YES;
				CLANG_WARN_STRICT_PROTOTYPES = YES;
				CLANG_WARN_SUSPICIOUS_MOVE = YES;
				CLANG_WARN_UNGUARDED_AVAILABILITY = YES_AGGRESSIVE;
				CLANG_WARN_UNREACHABLE_CODE = YES;
				CLANG_WARN__DUPLICATE_METHOD_MATCH = YES;
				COPY_PHASE_STRIP = NO;
				DEBUG_INFORMATION_FORMAT = dwarf;
				ENABLE_STRICT_OBJC_MSGSEND = YES;
				ENABLE_TESTABILITY = YES;
				ENABLE_USER_SCRIPT_SANDBOXING = YES;
				GCC_C_LANGUAGE_STANDARD = gnu17;
				GCC_DYNAMIC_NO_PIC = NO;
				GCC_NO_COMMON_BLOCKS = YES;
				GCC_OPTIMIZATION_LEVEL = 0;
				GCC_PREPROCESSOR_DEFINITIONS = (
					"DEBUG=1",
					"$(inherited)",
				);
				GCC_WARN_64_TO_32_BIT_CONVERSION = YES;
				GCC_WARN_ABOUT_RETURN_TYPE = YES_ERROR;
				GCC_WARN_UNDECLARED_SELECTOR = YES;
				GCC_WARN_UNINITIALIZED_AUTOS = YES_AGGRESSIVE;
				GCC_WARN_UNUSED_FUNCTION = YES;
				GCC_WARN_UNUSED_VARIABLE = YES;
				IPHONEOS_DEPLOYMENT_TARGET = 18.2;
				LOCALIZATION_PREFERS_STRING_CATALOGS = YES;
				MTL_ENABLE_DEBUG_INFO = INCLUDE_SOURCE;
				MTL_FAST_MATH = YES;
				ONLY_ACTIVE_ARCH = YES;
				SDKROOT = iphoneos;
				SWIFT_ACTIVE_COMPILATION_CONDITIONS = "DEBUG $(inherited)";
				SWIFT_OPTIMIZATION_LEVEL = "-Onone";
			};
			name = Debug;
		};
		27F3C9352DFAFECA0051B391 /* Release */ = {
			isa = XCBuildConfiguration;
			buildSettings = {
				ALWAYS_SEARCH_USER_PATHS = NO;
				ASSETCATALOG_COMPILER_GENERATE_SWIFT_ASSET_SYMBOL_EXTENSIONS = YES;
				CLANG_ANALYZER_NONNULL = YES;
				CLANG_ANALYZER_NUMBER_OBJECT_CONVERSION = YES_AGGRESSIVE;
				CLANG_CXX_LANGUAGE_STANDARD = "gnu++20";
				CLANG_ENABLE_MODULES = YES;
				CLANG_ENABLE_OBJC_ARC = YES;
				CLANG_ENABLE_OBJC_WEAK = YES;
				CLANG_WARN_BLOCK_CAPTURE_AUTORELEASING = YES;
				CLANG_WARN_BOOL_CONVERSION = YES;
				CLANG_WARN_COMMA = YES;
				CLANG_WARN_CONSTANT_CONVERSION = YES;
				CLANG_WARN_DEPRECATED_OBJC_IMPLEMENTATIONS = YES;
				CLANG_WARN_DIRECT_OBJC_ISA_USAGE = YES_ERROR;
				CLANG_WARN_DOCUMENTATION_COMMENTS = YES;
				CLANG_WARN_EMPTY_BODY = YES;
				CLANG_WARN_ENUM_CONVERSION = YES;
				CLANG_WARN_INFINITE_RECURSION = YES;
				CLANG_WARN_INT_CONVERSION = YES;
				CLANG_WARN_NON_LITERAL_NULL_CONVERSION = YES;
				CLANG_WARN_OBJC_IMPLICIT_RETAIN_SELF = YES;
				CLANG_WARN_OBJC_LITERAL_CONVERSION = YES;
				CLANG_WARN_OBJC_ROOT_CLASS = YES_ERROR;
				CLANG_WARN_QUOTED_INCLUDE_IN_FRAMEWORK_HEADER = YES;
				CLANG_WARN_RANGE_LOOP_ANALYSIS = YES;
				CLANG_WARN_STRICT_PROTOTYPES = YES;
				CLANG_WARN_SUSPICIOUS_MOVE = YES;
				CLANG_WARN_UNGUARDED_AVAILABILITY = YES_AGGRESSIVE;
				CLANG_WARN_UNREACHABLE_CODE = YES;
				CLANG_WARN__DUPLICATE_METHOD_MATCH = YES;
				COPY_PHASE_STRIP = NO;
				DEBUG_INFORMATION_FORMAT = "dwarf-with-dsym";
				ENABLE_NS_ASSERTIONS = NO;
				ENABLE_STRICT_OBJC_MSGSEND = YES;
				ENABLE_USER_SCRIPT_SANDBOXING = YES;
				GCC_C_LANGUAGE_STANDARD = gnu17;
				GCC_NO_COMMON_BLOCKS = YES;
				GCC_WARN_64_TO_32_BIT_CONVERSION = YES;
				GCC_WARN_ABOUT_RETURN_TYPE = YES_ERROR;
				GCC_WARN_UNDECLARED_SELECTOR = YES;
				GCC_WARN_UNINITIALIZED_AUTOS = YES_AGGRESSIVE;
				GCC_WARN_UNUSED_FUNCTION = YES;
				GCC_WARN_UNUSED_VARIABLE = YES;
				IPHONEOS_DEPLOYMENT_TARGET = 18.2;
				LOCALIZATION_PREFERS_STRING_CATALOGS = YES;
				MTL_ENABLE_DEBUG_INFO = NO;
				MTL_FAST_MATH = YES;
				SDKROOT = iphoneos;
				SWIFT_COMPILATION_MODE = wholemodule;
				VALIDATE_PRODUCT = YES;
			};
			name = Release;
		};
		27F3C9372DFAFECA0051B391 /* Debug */ = {
			isa = XCBuildConfiguration;
			buildSettings = {
				ASSETCATALOG_COMPILER_APPICON_NAME = AppIcon;
				ASSETCATALOG_COMPILER_GLOBAL_ACCENT_COLOR_NAME = AccentColor;
				CODE_SIGN_STYLE = Automatic;
				CURRENT_PROJECT_VERSION = 1;
				DEVELOPMENT_ASSET_PATHS = "\"ExpenseTrackingChallenge/Preview Content\"";
				ENABLE_PREVIEWS = YES;
				GENERATE_INFOPLIST_FILE = YES;
				INFOPLIST_KEY_UIApplicationSceneManifest_Generation = YES;
				INFOPLIST_KEY_UIApplicationSupportsIndirectInputEvents = YES;
				INFOPLIST_KEY_UILaunchScreen_Generation = YES;
				INFOPLIST_KEY_UISupportedInterfaceOrientations_iPad = "UIInterfaceOrientationPortrait UIInterfaceOrientationPortraitUpsideDown UIInterfaceOrientationLandscapeLeft UIInterfaceOrientationLandscapeRight";
				INFOPLIST_KEY_UISupportedInterfaceOrientations_iPhone = "UIInterfaceOrientationPortrait UIInterfaceOrientationLandscapeLeft UIInterfaceOrientationLandscapeRight";
				LD_RUNPATH_SEARCH_PATHS = (
					"$(inherited)",
					"@executable_path/Frameworks",
				);
				MARKETING_VERSION = 1.0;
				PRODUCT_BUNDLE_IDENTIFIER = com.tgpereira93.ExpenseTrackingChallenge;
				PRODUCT_NAME = "$(TARGET_NAME)";
				SWIFT_EMIT_LOC_STRINGS = YES;
				SWIFT_VERSION = 5.0;
				TARGETED_DEVICE_FAMILY = "1,2";
			};
			name = Debug;
		};
		27F3C9382DFAFECA0051B391 /* Release */ = {
			isa = XCBuildConfiguration;
			buildSettings = {
				ASSETCATALOG_COMPILER_APPICON_NAME = AppIcon;
				ASSETCATALOG_COMPILER_GLOBAL_ACCENT_COLOR_NAME = AccentColor;
				CODE_SIGN_STYLE = Automatic;
				CURRENT_PROJECT_VERSION = 1;
				DEVELOPMENT_ASSET_PATHS = "\"ExpenseTrackingChallenge/Preview Content\"";
				ENABLE_PREVIEWS = YES;
				GENERATE_INFOPLIST_FILE = YES;
				INFOPLIST_KEY_UIApplicationSceneManifest_Generation = YES;
				INFOPLIST_KEY_UIApplicationSupportsIndirectInputEvents = YES;
				INFOPLIST_KEY_UILaunchScreen_Generation = YES;
				INFOPLIST_KEY_UISupportedInterfaceOrientations_iPad = "UIInterfaceOrientationPortrait UIInterfaceOrientationPortraitUpsideDown UIInterfaceOrientationLandscapeLeft UIInterfaceOrientationLandscapeRight";
				INFOPLIST_KEY_UISupportedInterfaceOrientations_iPhone = "UIInterfaceOrientationPortrait UIInterfaceOrientationLandscapeLeft UIInterfaceOrientationLandscapeRight";
				LD_RUNPATH_SEARCH_PATHS = (
					"$(inherited)",
					"@executable_path/Frameworks",
				);
				MARKETING_VERSION = 1.0;
				PRODUCT_BUNDLE_IDENTIFIER = com.tgpereira93.ExpenseTrackingChallenge;
				PRODUCT_NAME = "$(TARGET_NAME)";
				SWIFT_EMIT_LOC_STRINGS = YES;
				SWIFT_VERSION = 5.0;
				TARGETED_DEVICE_FAMILY = "1,2";
			};
			name = Release;
		};
		27F3C93A2DFAFECA0051B391 /* Debug */ = {
			isa = XCBuildConfiguration;
			buildSettings = {
				BUNDLE_LOADER = "$(TEST_HOST)";
				CLANG_ENABLE_MODULES = YES;
				CODE_SIGN_STYLE = Automatic;
				CURRENT_PROJECT_VERSION = 1;
				GENERATE_INFOPLIST_FILE = YES;
				IPHONEOS_DEPLOYMENT_TARGET = 18.2;
				MARKETING_VERSION = 1.0;
				PRODUCT_BUNDLE_IDENTIFIER = com.tgpereira93.ExpenseTrackingChallengeTests;
				PRODUCT_NAME = "$(TARGET_NAME)";
				SWIFT_EMIT_LOC_STRINGS = NO;
				SWIFT_OPTIMIZATION_LEVEL = "-Onone";
				SWIFT_VERSION = 5.0;
				TARGETED_DEVICE_FAMILY = "1,2";
				TEST_HOST = "$(BUILT_PRODUCTS_DIR)/ExpenseTrackingChallenge.app/$(BUNDLE_EXECUTABLE_FOLDER_PATH)/ExpenseTrackingChallenge";
			};
			name = Debug;
		};
		27F3C93B2DFAFECA0051B391 /* Release */ = {
			isa = XCBuildConfiguration;
			buildSettings = {
				BUNDLE_LOADER = "$(TEST_HOST)";
				CLANG_ENABLE_MODULES = YES;
				CODE_SIGN_STYLE = Automatic;
				CURRENT_PROJECT_VERSION = 1;
				GENERATE_INFOPLIST_FILE = YES;
				IPHONEOS_DEPLOYMENT_TARGET = 18.2;
				MARKETING_VERSION = 1.0;
				PRODUCT_BUNDLE_IDENTIFIER = com.tgpereira93.ExpenseTrackingChallengeTests;
				PRODUCT_NAME = "$(TARGET_NAME)";
				SWIFT_EMIT_LOC_STRINGS = NO;
				SWIFT_VERSION = 5.0;
				TARGETED_DEVICE_FAMILY = "1,2";
				TEST_HOST = "$(BUILT_PRODUCTS_DIR)/ExpenseTrackingChallenge.app/$(BUNDLE_EXECUTABLE_FOLDER_PATH)/ExpenseTrackingChallenge";
			};
			name = Release;
		};
		27F3C93D2DFAFECA0051B391 /* Debug */ = {
			isa = XCBuildConfiguration;
			buildSettings = {
				CODE_SIGN_STYLE = Automatic;
				CURRENT_PROJECT_VERSION = 1;
				GENERATE_INFOPLIST_FILE = YES;
				MARKETING_VERSION = 1.0;
				PRODUCT_BUNDLE_IDENTIFIER = com.tgpereira93.ExpenseTrackingChallengeUITests;
				PRODUCT_NAME = "$(TARGET_NAME)";
				SWIFT_EMIT_LOC_STRINGS = NO;
				SWIFT_VERSION = 5.0;
				TARGETED_DEVICE_FAMILY = "1,2";
				TEST_TARGET_NAME = ExpenseTrackingChallenge;
			};
			name = Debug;
		};
		27F3C93E2DFAFECA0051B391 /* Release */ = {
			isa = XCBuildConfiguration;
			buildSettings = {
				CODE_SIGN_STYLE = Automatic;
				CURRENT_PROJECT_VERSION = 1;
				GENERATE_INFOPLIST_FILE = YES;
				MARKETING_VERSION = 1.0;
				PRODUCT_BUNDLE_IDENTIFIER = com.tgpereira93.ExpenseTrackingChallengeUITests;
				PRODUCT_NAME = "$(TARGET_NAME)";
				SWIFT_EMIT_LOC_STRINGS = NO;
				SWIFT_VERSION = 5.0;
				TARGETED_DEVICE_FAMILY = "1,2";
				TEST_TARGET_NAME = ExpenseTrackingChallenge;
			};
			name = Release;
		};
/* End XCBuildConfiguration section */

/* Begin XCConfigurationList section */
		27F3C90D2DFAFEC70051B391 /* Build configuration list for PBXProject "ExpenseTrackingChallenge" */ = {
			isa = XCConfigurationList;
			buildConfigurations = (
				27F3C9342DFAFECA0051B391 /* Debug */,
				27F3C9352DFAFECA0051B391 /* Release */,
			);
			defaultConfigurationIsVisible = 0;
			defaultConfigurationName = Release;
		};
		27F3C9362DFAFECA0051B391 /* Build configuration list for PBXNativeTarget "ExpenseTrackingChallenge" */ = {
			isa = XCConfigurationList;
			buildConfigurations = (
				27F3C9372DFAFECA0051B391 /* Debug */,
				27F3C9382DFAFECA0051B391 /* Release */,
			);
			defaultConfigurationIsVisible = 0;
			defaultConfigurationName = Release;
		};
		27F3C9392DFAFECA0051B391 /* Build configuration list for PBXNativeTarget "ExpenseTrackingChallengeTests" */ = {
			isa = XCConfigurationList;
			buildConfigurations = (
				27F3C93A2DFAFECA0051B391 /* Debug */,
				27F3C93B2DFAFECA0051B391 /* Release */,
			);
			defaultConfigurationIsVisible = 0;
			defaultConfigurationName = Release;
		};
		27F3C93C2DFAFECA0051B391 /* Build configuration list for PBXNativeTarget "ExpenseTrackingChallengeUITests" */ = {
			isa = XCConfigurationList;
			buildConfigurations = (
				27F3C93D2DFAFECA0051B391 /* Debug */,
				27F3C93E2DFAFECA0051B391 /* Release */,
			);
			defaultConfigurationIsVisible = 0;
			defaultConfigurationName = Release;
		};
/* End XCConfigurationList section */
	};
	rootObject = 27F3C90A2DFAFEC70051B391 /* Project object */;
}
